
Microsoft Visual Studio Solution File, Format Version 12.00
# Visual Studio Version 16
VisualStudioVersion = 16.0.30907.101
MinimumVisualStudioVersion = 10.0.40219.1
Project("{9A19103F-16F7-4668-BE54-9A1E7A4F7556}") = "VierGewinnt", "VierGewinnt\VierGewinnt.csproj", "{F932201E-23EE-4AE4-A220-F379B17C6CE4}"
EndProject
Project("{9A19103F-16F7-4668-BE54-9A1E7A4F7556}") = "VierGewinntTests", "VierGewinntTests\VierGewinntTests.csproj", "{716A3875-5033-4286-B144-1274FADC584A}"
EndProject
Project("{9A19103F-16F7-4668-BE54-9A1E7A4F7556}") = "VierGewinntWpfApp", "VierGewinntWpfApp\VierGewinntWpfApp.csproj", "{850DD407-FFA8-42B0-861B-B0F56838C09A}"
EndProject
Global
	GlobalSection(SolutionConfigurationPlatforms) = preSolution
		Debug|Any CPU = Debug|Any CPU
		Release|Any CPU = Release|Any CPU
	EndGlobalSection
	GlobalSection(ProjectConfigurationPlatforms) = postSolution
		{F932201E-23EE-4AE4-A220-F379B17C6CE4}.Debug|Any CPU.ActiveCfg = Debug|Any CPU
		{F932201E-23EE-4AE4-A220-F379B17C6CE4}.Debug|Any CPU.Build.0 = Debug|Any CPU
		{F932201E-23EE-4AE4-A220-F379B17C6CE4}.Release|Any CPU.ActiveCfg = Release|Any CPU
		{F932201E-23EE-4AE4-A220-F379B17C6CE4}.Release|Any CPU.Build.0 = Release|Any CPU
		{716A3875-5033-4286-B144-1274FADC584A}.Debug|Any CPU.ActiveCfg = Debug|Any CPU
		{716A3875-5033-4286-B144-1274FADC584A}.Debug|Any CPU.Build.0 = Debug|Any CPU
		{716A3875-5033-4286-B144-1274FADC584A}.Release|Any CPU.ActiveCfg = Release|Any CPU
		{716A3875-5033-4286-B144-1274FADC584A}.Release|Any CPU.Build.0 = Release|Any CPU
		{850DD407-FFA8-42B0-861B-B0F56838C09A}.Debug|Any CPU.ActiveCfg = Debug|Any CPU
		{850DD407-FFA8-42B0-861B-B0F56838C09A}.Debug|Any CPU.Build.0 = Debug|Any CPU
		{850DD407-FFA8-42B0-861B-B0F56838C09A}.Release|Any CPU.ActiveCfg = Release|Any CPU
		{850DD407-FFA8-42B0-861B-B0F56838C09A}.Release|Any CPU.Build.0 = Release|Any CPU
	EndGlobalSection
	GlobalSection(SolutionProperties) = preSolution
		HideSolutionNode = FALSE
	EndGlobalSection
	GlobalSection(ExtensibilityGlobals) = postSolution
		SolutionGuid = {2C084955-F271-40D1-BFDC-FAC2FE062509}
	EndGlobalSection
EndGlobal
